
Microsoft Visual Studio Solution File, Format Version 12.00
# Visual Studio 14
VisualStudioVersion = 14.0.25420.1
MinimumVisualStudioVersion = 10.0.40219.1
Project("{FAE04EC0-301F-11D3-BF4B-00C04F79EFBC}") = "BYS.SZ.Internal.service", "BYS.SZ.Internal.service\BYS.SZ.Internal.service.csproj", "{40B63148-014A-4373-B0E2-3C866E1F5C1C}"
EndProject
Project("{FAE04EC0-301F-11D3-BF4B-00C04F79EFBC}") = "BYS.SZ.Internal.db", "BYS.SZ.Internal.db\BYS.SZ.Internal.db.csproj", "{DD2255BA-48E3-442D-BCC6-99DB13021998}"
EndProject
Project("{FAE04EC0-301F-11D3-BF4B-00C04F79EFBC}") = "BYS.SZ.Internal.portal", "BYS.SZ.Internal.portal\BYS.SZ.Internal.portal.csproj", "{78223655-04AD-4D10-92A3-5EE5870EACB8}"
EndProject
Global
	GlobalSection(SolutionConfigurationPlatforms) = preSolution
		Debug|Any CPU = Debug|Any CPU
		Release|Any CPU = Release|Any CPU
	EndGlobalSection
	GlobalSection(ProjectConfigurationPlatforms) = postSolution
		{40B63148-014A-4373-B0E2-3C866E1F5C1C}.Debug|Any CPU.ActiveCfg = Debug|Any CPU
		{40B63148-014A-4373-B0E2-3C866E1F5C1C}.Debug|Any CPU.Build.0 = Debug|Any CPU
		{40B63148-014A-4373-B0E2-3C866E1F5C1C}.Release|Any CPU.ActiveCfg = Release|Any CPU
		{40B63148-014A-4373-B0E2-3C866E1F5C1C}.Release|Any CPU.Build.0 = Release|Any CPU
		{DD2255BA-48E3-442D-BCC6-99DB13021998}.Debug|Any CPU.ActiveCfg = Debug|Any CPU
		{DD2255BA-48E3-442D-BCC6-99DB13021998}.Debug|Any CPU.Build.0 = Debug|Any CPU
		{DD2255BA-48E3-442D-BCC6-99DB13021998}.Release|Any CPU.ActiveCfg = Release|Any CPU
		{DD2255BA-48E3-442D-BCC6-99DB13021998}.Release|Any CPU.Build.0 = Release|Any CPU
		{78223655-04AD-4D10-92A3-5EE5870EACB8}.Debug|Any CPU.ActiveCfg = Debug|Any CPU
		{78223655-04AD-4D10-92A3-5EE5870EACB8}.Debug|Any CPU.Build.0 = Debug|Any CPU
		{78223655-04AD-4D10-92A3-5EE5870EACB8}.Release|Any CPU.ActiveCfg = Release|Any CPU
		{78223655-04AD-4D10-92A3-5EE5870EACB8}.Release|Any CPU.Build.0 = Release|Any CPU
	EndGlobalSection
	GlobalSection(SolutionProperties) = preSolution
		HideSolutionNode = FALSE
	EndGlobalSection
EndGlobal
